
Microsoft Visual Studio Solution File, Format Version 12.00
# Visual Studio 15
VisualStudioVersion = 15.0.27004.2009
MinimumVisualStudioVersion = 10.0.40219.1
Project("{8BC9CEB8-8B4A-11D0-8D11-00A0C91BC942}") = "CppTest", "CppTest\CppTest.vcxproj", "{DE85BC8A-04ED-41FA-9C2D-CFBF449C4FED}"
EndProject
Global
	GlobalSection(SolutionConfigurationPlatforms) = preSolution
		Debug|x64 = Debug|x64
		Debug|x86 = Debug|x86
		Release|x64 = Release|x64
		Release|x86 = Release|x86
	EndGlobalSection
	GlobalSection(ProjectConfigurationPlatforms) = postSolution
		{DE85BC8A-04ED-41FA-9C2D-CFBF449C4FED}.Debug|x64.ActiveCfg = Debug|x64
		{DE85BC8A-04ED-41FA-9C2D-CFBF449C4FED}.Debug|x64.Build.0 = Debug|x64
		{DE85BC8A-04ED-41FA-9C2D-CFBF449C4FED}.Debug|x86.ActiveCfg = Debug|Win32
		{DE85BC8A-04ED-41FA-9C2D-CFBF449C4FED}.Debug|x86.Build.0 = Debug|Win32
		{DE85BC8A-04ED-41FA-9C2D-CFBF449C4FED}.Release|x64.ActiveCfg = Release|x64
		{DE85BC8A-04ED-41FA-9C2D-CFBF449C4FED}.Release|x64.Build.0 = Release|x64
		{DE85BC8A-04ED-41FA-9C2D-CFBF449C4FED}.Release|x86.ActiveCfg = Release|Win32
		{DE85BC8A-04ED-41FA-9C2D-CFBF449C4FED}.Release|x86.Build.0 = Release|Win32
	EndGlobalSection
	GlobalSection(SolutionProperties) = preSolution
		HideSolutionNode = FALSE
	EndGlobalSection
	GlobalSection(ExtensibilityGlobals) = postSolution
		SolutionGuid = {048E70BA-FE77-48CA-8138-6821EF7F562B}
	EndGlobalSection
EndGlobal
